# This file is autogenerated, do not edit; changes may be undone by the next 'dep ensure'.


[[projects]]
  branch = "master"
  name = "github.com/agl/ed25519"
  packages = [
    ".",
    "edwards25519"
  ]
  revision = "5312a61534124124185d41f09206b9fef1d88403"

[[projects]]
  branch = "master"
  name = "github.com/btcsuite/btcutil"
  packages = ["base58"]
  revision = "501929d3d046174c3d39f0ea54ece471aa17238c"

[[projects]]
  name = "github.com/ethereum/go-ethereum"
  packages = ["rlp"]
  revision = "2423ae01e0d2f853512eb2b46954b5ad0754a897"
  version = "v1.8.4"

[[projects]]
  branch = "master"
  name = "github.com/golang/snappy"
  packages = ["."]
  revision = "553a641470496b2327abcac10b36396bd98e45c9"

[[projects]]
  name = "github.com/google/uuid"
  packages = ["."]
  revision = "064e2069ce9c359c118179501254f67d7d37ba24"
  version = "0.2"

[[projects]]
  branch = "master"
  name = "github.com/lib/pq"
  packages = [
    ".",
    "oid"
  ]
  revision = "d34b9ff171c21ad295489235aec8b6626023cd04"

[[projects]]
  branch = "master"
  name = "github.com/nullstyle/go-xdr"
  packages = ["xdr3"]
  revision = "a875e7c9fa2388ce03279f6b5ba1c2ccd1f9e917"

[[projects]]
  name = "github.com/pkg/errors"
  packages = ["."]
  revision = "645ef00459ed84a119197bfb8d8205042c6df63d"
  version = "v0.8.0"

[[projects]]
  name = "github.com/satori/go.uuid"
  packages = ["."]
  revision = "f58768cc1a7a7e77a3bd49e98cdd21419399b6a3"
  version = "v1.2.0"

[[projects]]
  branch = "master"
  name = "github.com/stellar/go"
  packages = [
    "crc16",
    "hash",
    "keypair",
    "network",
    "strkey",
    "support/errors",
    "xdr"
  ]
  revision = "9eb9682656c21d73a8fef16813872398ae6a6b6c"

[[projects]]
  branch = "master"
  name = "github.com/syndtr/goleveldb"
  packages = [
    "leveldb",
    "leveldb/cache",
    "leveldb/comparer",
    "leveldb/errors",
    "leveldb/filter",
    "leveldb/iterator",
    "leveldb/journal",
    "leveldb/memdb",
    "leveldb/opt",
    "leveldb/storage",
    "leveldb/table",
    "leveldb/util"
  ]
  revision = "714f901b98fdb3aa954b4193d8cbd64a28d80cad"

[[projects]]
  branch = "master"
  name = "golang.org/x/crypto"
  packages = [
    "argon2",
    "blake2b"
  ]
  revision = "e73bf333ef8920dbb52ad18d4bd38ad9d9bc76d7"

[solve-meta]
  analyzer-name = "dep"
  analyzer-version = 1
  inputs-digest = "c351dc3e1810c3bd5cfcfc523a5e36b01434ec4dcbb4d6e5f90e04e2e4fd715f"
  solver-name = "gps-cdcl"
  solver-version = 1
