# This file is autogenerated, do not edit; changes may be undone by the next 'dep ensure'.


[[projects]]
  branch = "master"
  name = "github.com/agl/ed25519"
  packages = [
    ".",
    "edwards25519"
  ]
  revision = "5312a61534124124185d41f09206b9fef1d88403"

[[projects]]
  branch = "master"
  name = "github.com/btcsuite/btcutil"
  packages = ["base58"]
  revision = "501929d3d046174c3d39f0ea54ece471aa17238c"

[[projects]]
  name = "github.com/ethereum/go-ethereum"
  packages = ["rlp"]
  revision = "329ac18ef617d0238f71637bffe78f028b0f13f7"
  version = "v1.8.3"

[[projects]]
  name = "github.com/google/uuid"
  packages = ["."]
  revision = "064e2069ce9c359c118179501254f67d7d37ba24"
  version = "0.2"

[[projects]]
  branch = "master"
  name = "github.com/lib/pq"
  packages = [
    ".",
    "oid"
  ]
  revision = "d34b9ff171c21ad295489235aec8b6626023cd04"

[[projects]]
  branch = "master"
  name = "github.com/nullstyle/go-xdr"
  packages = ["xdr3"]
  revision = "a875e7c9fa2388ce03279f6b5ba1c2ccd1f9e917"

[[projects]]
  name = "github.com/pkg/errors"
  packages = ["."]
  revision = "645ef00459ed84a119197bfb8d8205042c6df63d"
  version = "v0.8.0"

[[projects]]
  branch = "master"
  name = "github.com/stellar/go"
  packages = [
    "crc16",
    "hash",
    "keypair",
    "network",
    "strkey",
    "support/errors",
    "xdr"
  ]
  revision = "4c8cfd0b3791e7cca7fedb398d9d3a30d09e9347"

[[projects]]
  branch = "master"
  name = "golang.org/x/crypto"
  packages = [
    "argon2",
    "blake2b"
  ]
  revision = "d6449816ce06963d9d136eee5a56fca5b0616e7e"

[solve-meta]
  analyzer-name = "dep"
  analyzer-version = 1
  inputs-digest = "de88dd2f8f04d5989619aa73ad82bb5b30974187b016e13ae4c89adfb2c75612"
  solver-name = "gps-cdcl"
  solver-version = 1
